
Microsoft Visual Studio Solution File, Format Version 12.00
# Visual Studio Version 16
VisualStudioVersion = 16.0.32510.428
MinimumVisualStudioVersion = 10.0.40219.1
Project("{8BC9CEB8-8B4A-11D0-8D11-00A0C91BC942}") = "VideoPlayer", "VideoPlayer\VideoPlayer.vcxproj", "{B0AE6C52-9548-4476-9E56-B9FD071AF4F3}"
EndProject
Project("{8BC9CEB8-8B4A-11D0-8D11-00A0C91BC942}") = "VideoClient", "VideoClient\VideoClient.vcxproj", "{07D13271-5A53-4D98-A595-00AF3C400007}"
EndProject
Project("{8BC9CEB8-8B4A-11D0-8D11-00A0C91BC942}") = "VideoRTSPSever", "VideoRTSPSever\VideoRTSPSever.vcxproj", "{8702ABE1-4F3A-45F1-A8C6-B550C96AB8B6}"
EndProject
Global
	GlobalSection(SolutionConfigurationPlatforms) = preSolution
		Debug|x64 = Debug|x64
		Debug|x86 = Debug|x86
		Release|x64 = Release|x64
		Release|x86 = Release|x86
	EndGlobalSection
	GlobalSection(ProjectConfigurationPlatforms) = postSolution
		{B0AE6C52-9548-4476-9E56-B9FD071AF4F3}.Debug|x64.ActiveCfg = Debug|x64
		{B0AE6C52-9548-4476-9E56-B9FD071AF4F3}.Debug|x64.Build.0 = Debug|x64
		{B0AE6C52-9548-4476-9E56-B9FD071AF4F3}.Debug|x86.ActiveCfg = Debug|Win32
		{B0AE6C52-9548-4476-9E56-B9FD071AF4F3}.Debug|x86.Build.0 = Debug|Win32
		{B0AE6C52-9548-4476-9E56-B9FD071AF4F3}.Release|x64.ActiveCfg = Release|x64
		{B0AE6C52-9548-4476-9E56-B9FD071AF4F3}.Release|x64.Build.0 = Release|x64
		{B0AE6C52-9548-4476-9E56-B9FD071AF4F3}.Release|x86.ActiveCfg = Release|Win32
		{B0AE6C52-9548-4476-9E56-B9FD071AF4F3}.Release|x86.Build.0 = Release|Win32
		{07D13271-5A53-4D98-A595-00AF3C400007}.Debug|x64.ActiveCfg = Debug|x64
		{07D13271-5A53-4D98-A595-00AF3C400007}.Debug|x64.Build.0 = Debug|x64
		{07D13271-5A53-4D98-A595-00AF3C400007}.Debug|x86.ActiveCfg = Debug|Win32
		{07D13271-5A53-4D98-A595-00AF3C400007}.Debug|x86.Build.0 = Debug|Win32
		{07D13271-5A53-4D98-A595-00AF3C400007}.Release|x64.ActiveCfg = Release|x64
		{07D13271-5A53-4D98-A595-00AF3C400007}.Release|x64.Build.0 = Release|x64
		{07D13271-5A53-4D98-A595-00AF3C400007}.Release|x86.ActiveCfg = Release|Win32
		{07D13271-5A53-4D98-A595-00AF3C400007}.Release|x86.Build.0 = Release|Win32
		{8702ABE1-4F3A-45F1-A8C6-B550C96AB8B6}.Debug|x64.ActiveCfg = Debug|x64
		{8702ABE1-4F3A-45F1-A8C6-B550C96AB8B6}.Debug|x64.Build.0 = Debug|x64
		{8702ABE1-4F3A-45F1-A8C6-B550C96AB8B6}.Debug|x86.ActiveCfg = Debug|Win32
		{8702ABE1-4F3A-45F1-A8C6-B550C96AB8B6}.Debug|x86.Build.0 = Debug|Win32
		{8702ABE1-4F3A-45F1-A8C6-B550C96AB8B6}.Release|x64.ActiveCfg = Release|x64
		{8702ABE1-4F3A-45F1-A8C6-B550C96AB8B6}.Release|x64.Build.0 = Release|x64
		{8702ABE1-4F3A-45F1-A8C6-B550C96AB8B6}.Release|x86.ActiveCfg = Release|Win32
		{8702ABE1-4F3A-45F1-A8C6-B550C96AB8B6}.Release|x86.Build.0 = Release|Win32
	EndGlobalSection
	GlobalSection(SolutionProperties) = preSolution
		HideSolutionNode = FALSE
	EndGlobalSection
	GlobalSection(ExtensibilityGlobals) = postSolution
		SolutionGuid = {74A3B559-F059-472A-83F7-3393C1A987F0}
	EndGlobalSection
EndGlobal
